
Microsoft Visual Studio Solution File, Format Version 12.00
# Visual Studio Version 17
VisualStudioVersion = 17.5.33414.496
MinimumVisualStudioVersion = 10.0.40219.1
Project("{9A19103F-16F7-4668-BE54-9A1E7A4F7556}") = "ChallangeApp", "ConsoleApp\ChallangeApp.csproj", "{F907F509-3C7F-407A-A710-85CF984FE820}"
EndProject
Project("{FAE04EC0-301F-11D3-BF4B-00C04F79EFBC}") = "ChallangeApp.Tests", "ChallangeApp.Tests\ChallangeApp.Tests.csproj", "{DD357E1A-DBF7-4849-B40E-4741C0D9976F}"
EndProject
Global
	GlobalSection(SolutionConfigurationPlatforms) = preSolution
		Debug|Any CPU = Debug|Any CPU
		Release|Any CPU = Release|Any CPU
	EndGlobalSection
	GlobalSection(ProjectConfigurationPlatforms) = postSolution
		{F907F509-3C7F-407A-A710-85CF984FE820}.Debug|Any CPU.ActiveCfg = Debug|Any CPU
		{F907F509-3C7F-407A-A710-85CF984FE820}.Debug|Any CPU.Build.0 = Debug|Any CPU
		{F907F509-3C7F-407A-A710-85CF984FE820}.Release|Any CPU.ActiveCfg = Release|Any CPU
		{F907F509-3C7F-407A-A710-85CF984FE820}.Release|Any CPU.Build.0 = Release|Any CPU
		{DD357E1A-DBF7-4849-B40E-4741C0D9976F}.Debug|Any CPU.ActiveCfg = Debug|Any CPU
		{DD357E1A-DBF7-4849-B40E-4741C0D9976F}.Debug|Any CPU.Build.0 = Debug|Any CPU
		{DD357E1A-DBF7-4849-B40E-4741C0D9976F}.Release|Any CPU.ActiveCfg = Release|Any CPU
		{DD357E1A-DBF7-4849-B40E-4741C0D9976F}.Release|Any CPU.Build.0 = Release|Any CPU
	EndGlobalSection
	GlobalSection(SolutionProperties) = preSolution
		HideSolutionNode = FALSE
	EndGlobalSection
	GlobalSection(ExtensibilityGlobals) = postSolution
		SolutionGuid = {E004A897-44CA-424B-8FF2-771DDC52E160}
	EndGlobalSection
EndGlobal
