
Microsoft Visual Studio Solution File, Format Version 12.00
# Visual Studio Version 17
VisualStudioVersion = 17.5.33502.453
MinimumVisualStudioVersion = 10.0.40219.1
Project("{9A19103F-16F7-4668-BE54-9A1E7A4F7556}") = "ChallangeApp", "ChallangeApp.csproj", "{1DCA023B-55F1-4C59-9109-6B3A3CFD0EEB}"
EndProject
Project("{9A19103F-16F7-4668-BE54-9A1E7A4F7556}") = "ChallangeApp.Tests", "..\ChallangeApp.Tests\ChallangeApp.Tests.csproj", "{D0895602-6334-4CE9-986F-A81DBD6EC919}"
EndProject
Global
	GlobalSection(SolutionConfigurationPlatforms) = preSolution
		Debug|Any CPU = Debug|Any CPU
		Release|Any CPU = Release|Any CPU
	EndGlobalSection
	GlobalSection(ProjectConfigurationPlatforms) = postSolution
		{1DCA023B-55F1-4C59-9109-6B3A3CFD0EEB}.Debug|Any CPU.ActiveCfg = Debug|Any CPU
		{1DCA023B-55F1-4C59-9109-6B3A3CFD0EEB}.Debug|Any CPU.Build.0 = Debug|Any CPU
		{1DCA023B-55F1-4C59-9109-6B3A3CFD0EEB}.Release|Any CPU.ActiveCfg = Release|Any CPU
		{1DCA023B-55F1-4C59-9109-6B3A3CFD0EEB}.Release|Any CPU.Build.0 = Release|Any CPU
		{D0895602-6334-4CE9-986F-A81DBD6EC919}.Debug|Any CPU.ActiveCfg = Debug|Any CPU
		{D0895602-6334-4CE9-986F-A81DBD6EC919}.Debug|Any CPU.Build.0 = Debug|Any CPU
		{D0895602-6334-4CE9-986F-A81DBD6EC919}.Release|Any CPU.ActiveCfg = Release|Any CPU
		{D0895602-6334-4CE9-986F-A81DBD6EC919}.Release|Any CPU.Build.0 = Release|Any CPU
	EndGlobalSection
	GlobalSection(SolutionProperties) = preSolution
		HideSolutionNode = FALSE
	EndGlobalSection
	GlobalSection(ExtensibilityGlobals) = postSolution
		SolutionGuid = {0FD0D1F1-07AC-4CFB-BC90-F340F6161A76}
	EndGlobalSection
EndGlobal
